
Microsoft Visual Studio Solution File, Format Version 12.00
# Visual Studio 15
Project("{FAE04EC0-301F-11D3-BF4B-00C04F79EFBC}") = "Assembly-CSharp", "Assembly-CSharp.csproj", "{B31F960F-83CC-48A0-15B2-0F2C682DFF33}"
EndProject
Project("{FAE04EC0-301F-11D3-BF4B-00C04F79EFBC}") = "StatsTesting", "StatsTesting\StatsTesting.csproj", "{CBAF7384-2A77-4D83-9730-797FFF72FA68}"
EndProject
Global
	GlobalSection(SolutionConfigurationPlatforms) = preSolution
		Debug|Any CPU = Debug|Any CPU
		Release|Any CPU = Release|Any CPU
	EndGlobalSection
	GlobalSection(ProjectConfigurationPlatforms) = postSolution
		{B31F960F-83CC-48A0-15B2-0F2C682DFF33}.Debug|Any CPU.ActiveCfg = Debug|Any CPU
		{B31F960F-83CC-48A0-15B2-0F2C682DFF33}.Debug|Any CPU.Build.0 = Debug|Any CPU
		{B31F960F-83CC-48A0-15B2-0F2C682DFF33}.Release|Any CPU.ActiveCfg = Release|Any CPU
		{B31F960F-83CC-48A0-15B2-0F2C682DFF33}.Release|Any CPU.Build.0 = Release|Any CPU
		{CBAF7384-2A77-4D83-9730-797FFF72FA68}.Debug|Any CPU.ActiveCfg = Debug|Any CPU
		{CBAF7384-2A77-4D83-9730-797FFF72FA68}.Debug|Any CPU.Build.0 = Debug|Any CPU
		{CBAF7384-2A77-4D83-9730-797FFF72FA68}.Release|Any CPU.ActiveCfg = Release|Any CPU
		{CBAF7384-2A77-4D83-9730-797FFF72FA68}.Release|Any CPU.Build.0 = Release|Any CPU
	EndGlobalSection
	GlobalSection(SolutionProperties) = preSolution
		HideSolutionNode = FALSE
	EndGlobalSection
EndGlobal
